
Microsoft Visual Studio Solution File, Format Version 12.00
Project("{FAE04EC0-301F-11D3-BF4B-00C04F79EFBC}") = "BotReminder", "BotReminder\BotReminder.csproj", "{0F77DC0A-F071-4F7F-A557-68F1821FABD3}"
EndProject
Global
	GlobalSection(SolutionConfigurationPlatforms) = preSolution
		Debug|Any CPU = Debug|Any CPU
		Release|Any CPU = Release|Any CPU
	EndGlobalSection
	GlobalSection(ProjectConfigurationPlatforms) = postSolution
		{0F77DC0A-F071-4F7F-A557-68F1821FABD3}.Debug|Any CPU.ActiveCfg = Debug|Any CPU
		{0F77DC0A-F071-4F7F-A557-68F1821FABD3}.Debug|Any CPU.Build.0 = Debug|Any CPU
		{0F77DC0A-F071-4F7F-A557-68F1821FABD3}.Release|Any CPU.ActiveCfg = Release|Any CPU
		{0F77DC0A-F071-4F7F-A557-68F1821FABD3}.Release|Any CPU.Build.0 = Release|Any CPU
	EndGlobalSection
EndGlobal
